
Microsoft Visual Studio Solution File, Format Version 12.00
# Visual Studio 15
VisualStudioVersion = 15.0.26730.8
MinimumVisualStudioVersion = 10.0.40219.1
Project("{8BC9CEB8-8B4A-11D0-8D11-00A0C91BC942}") = "IncQol", "IncQol\IncQol.vcxproj", "{7EFE6DCC-544A-4116-9EF2-13C0431356E6}"
EndProject
Global
	GlobalSection(SolutionConfigurationPlatforms) = preSolution
		Debug|x64 = Debug|x64
		Debug|x86 = Debug|x86
		Debug-CustomFolder|x64 = Debug-CustomFolder|x64
		Debug-CustomFolder|x86 = Debug-CustomFolder|x86
		Release(Unoptimized)-CustomFolder|x64 = Release(Unoptimized)-CustomFolder|x64
		Release(Unoptimized)-CustomFolder|x86 = Release(Unoptimized)-CustomFolder|x86
		Release(Unoptimizied)|x64 = Release(Unoptimizied)|x64
		Release(Unoptimizied)|x86 = Release(Unoptimizied)|x86
		Release|x64 = Release|x64
		Release|x86 = Release|x86
		Release-CustomFolder|x64 = Release-CustomFolder|x64
		Release-CustomFolder|x86 = Release-CustomFolder|x86
	EndGlobalSection
	GlobalSection(ProjectConfigurationPlatforms) = postSolution
		{7EFE6DCC-544A-4116-9EF2-13C0431356E6}.Debug|x64.ActiveCfg = Debug|x64
		{7EFE6DCC-544A-4116-9EF2-13C0431356E6}.Debug|x64.Build.0 = Debug|x64
		{7EFE6DCC-544A-4116-9EF2-13C0431356E6}.Debug|x86.ActiveCfg = Debug|x64
		{7EFE6DCC-544A-4116-9EF2-13C0431356E6}.Debug-CustomFolder|x64.ActiveCfg = Debug-CustomFolder|x64
		{7EFE6DCC-544A-4116-9EF2-13C0431356E6}.Debug-CustomFolder|x64.Build.0 = Debug-CustomFolder|x64
		{7EFE6DCC-544A-4116-9EF2-13C0431356E6}.Debug-CustomFolder|x86.ActiveCfg = Debug-CustomFolder|x64
		{7EFE6DCC-544A-4116-9EF2-13C0431356E6}.Release(Unoptimized)-CustomFolder|x64.ActiveCfg = Release(Unoptimized)-CustomFolder|x64
		{7EFE6DCC-544A-4116-9EF2-13C0431356E6}.Release(Unoptimized)-CustomFolder|x64.Build.0 = Release(Unoptimized)-CustomFolder|x64
		{7EFE6DCC-544A-4116-9EF2-13C0431356E6}.Release(Unoptimized)-CustomFolder|x86.ActiveCfg = Release(Unoptimized)-CustomFolder|x64
		{7EFE6DCC-544A-4116-9EF2-13C0431356E6}.Release(Unoptimizied)|x64.ActiveCfg = Release(Unoptimizied)|x64
		{7EFE6DCC-544A-4116-9EF2-13C0431356E6}.Release(Unoptimizied)|x64.Build.0 = Release(Unoptimizied)|x64
		{7EFE6DCC-544A-4116-9EF2-13C0431356E6}.Release(Unoptimizied)|x86.ActiveCfg = Release(Unoptimizied)|x64
		{7EFE6DCC-544A-4116-9EF2-13C0431356E6}.Release|x64.ActiveCfg = Release|x64
		{7EFE6DCC-544A-4116-9EF2-13C0431356E6}.Release|x64.Build.0 = Release|x64
		{7EFE6DCC-544A-4116-9EF2-13C0431356E6}.Release|x86.ActiveCfg = Release|x64
		{7EFE6DCC-544A-4116-9EF2-13C0431356E6}.Release-CustomFolder|x64.ActiveCfg = Release-CustomFolder|x64
		{7EFE6DCC-544A-4116-9EF2-13C0431356E6}.Release-CustomFolder|x64.Build.0 = Release-CustomFolder|x64
		{7EFE6DCC-544A-4116-9EF2-13C0431356E6}.Release-CustomFolder|x86.ActiveCfg = Release-CustomFolder|x64
	EndGlobalSection
	GlobalSection(SolutionProperties) = preSolution
		HideSolutionNode = FALSE
	EndGlobalSection
	GlobalSection(ExtensibilityGlobals) = postSolution
		SolutionGuid = {10A8C694-9C19-4823-8500-325C3B6AEF44}
	EndGlobalSection
EndGlobal
